
Console.WriteLine("Le premier nombre est :");
string number1 = Console.ReadLine();
Console.WriteLine("Le deuxième nombre est :");
string number2 = Console.ReadLine();
Console.WriteLine("La méthode de calcul est :");
string Method = Console.ReadLine();
bool Condition = true;
int result = 0;
int a = int.Parse(number1);
int b = int.Parse(number2);


while(Condition == true)
{
    if (Method == "Addition")
    {
        result = a + b;
        
    }
    if(Method == "Soustraction")
    {
        result = a - b;
    }
    if(Method == "Division")
    {
        result = a / b;
    }
    if(Method == "Multiplication")
    {
        result = a * b;
    }
    Console.WriteLine("Le résultat est:");
    Console.WriteLine(result);
    Console.WriteLine("Un nouveau calcul ?");
    Condition = bool.Parse(Console.ReadLine());
    Console.WriteLine("La nouvelle méthode de calcul est:");
    Method = Console.ReadLine();
    Console.WriteLine("Le nouveau nombre est:");
    a = int.Parse(Console.ReadLine());
    Console.WriteLine("Le deuxième nombre est:");
    b = int.Parse(Console.ReadLine());

}
		SolutionGuid = {8492BD62-BA7B-41AE-BA69-6632A7EB5896}
	EndGlobalSection
EndGlobal
